# This file is autogenerated, do not edit; changes may be undone by the next 'dep ensure'.


[[projects]]
  branch = "master"
  name = "fknsrs.biz/p/xml"
  packages = ["c14n"]
  revision = "75d8d9641d0d0b737fecdcc42ae43f5746e9978d"

[solve-meta]
  analyzer-name = "dep"
  analyzer-version = 1
  inputs-digest = "4e0dae68ba4e2939c1dbab3ff8925c29fc0b3f48329af84102748ea4e6351996"
  solver-name = "gps-cdcl"
  solver-version = 1
